
Microsoft Visual Studio Solution File, Format Version 12.00
# Visual Studio Version 17
VisualStudioVersion = 17.11.35312.102
MinimumVisualStudioVersion = 10.0.40219.1
Project("{FAE04EC0-301F-11D3-BF4B-00C04F79EFBC}") = "GHPages", "GHPages\GHPages\GHPages.csproj", "{C1100BC6-E5E5-4BB8-99B4-FCAD9D21B31D}"
EndProject
Project("{FAE04EC0-301F-11D3-BF4B-00C04F79EFBC}") = "GHPages.Client", "GHPages\GHPages.Client\GHPages.Client.csproj", "{0BDA69CE-519D-4D0C-860C-9A332FE148A6}"
EndProject
Global
	GlobalSection(SolutionConfigurationPlatforms) = preSolution
		Debug|Any CPU = Debug|Any CPU
		Release|Any CPU = Release|Any CPU
	EndGlobalSection
	GlobalSection(ProjectConfigurationPlatforms) = postSolution
		{C1100BC6-E5E5-4BB8-99B4-FCAD9D21B31D}.Debug|Any CPU.ActiveCfg = Debug|Any CPU
		{C1100BC6-E5E5-4BB8-99B4-FCAD9D21B31D}.Debug|Any CPU.Build.0 = Debug|Any CPU
		{C1100BC6-E5E5-4BB8-99B4-FCAD9D21B31D}.Release|Any CPU.ActiveCfg = Release|Any CPU
		{C1100BC6-E5E5-4BB8-99B4-FCAD9D21B31D}.Release|Any CPU.Build.0 = Release|Any CPU
		{0BDA69CE-519D-4D0C-860C-9A332FE148A6}.Debug|Any CPU.ActiveCfg = Debug|Any CPU
		{0BDA69CE-519D-4D0C-860C-9A332FE148A6}.Debug|Any CPU.Build.0 = Debug|Any CPU
		{0BDA69CE-519D-4D0C-860C-9A332FE148A6}.Release|Any CPU.ActiveCfg = Release|Any CPU
		{0BDA69CE-519D-4D0C-860C-9A332FE148A6}.Release|Any CPU.Build.0 = Release|Any CPU
	EndGlobalSection
	GlobalSection(SolutionProperties) = preSolution
		HideSolutionNode = FALSE
	EndGlobalSection
	GlobalSection(ExtensibilityGlobals) = postSolution
		SolutionGuid = {1BF74378-3C35-411B-A814-06F4A59DEC8D}
	EndGlobalSection
EndGlobal
